
Microsoft Visual Studio Solution File, Format Version 12.00
# Visual Studio Version 16
VisualStudioVersion = 16.0.30320.27
MinimumVisualStudioVersion = 10.0.40219.1
Project("{2150E333-8FDC-42A3-9474-1A3956D46DE8}") = "dll", "dll", "{256BA581-C1EC-44ED-AFF6-01A115311ACD}"
EndProject
Project("{2150E333-8FDC-42A3-9474-1A3956D46DE8}") = "exe", "exe", "{D8B3D11E-DE6D-42DE-A81B-B5F76D747673}"
EndProject
Project("{FAE04EC0-301F-11D3-BF4B-00C04F79EFBC}") = "ConsoleApp1", "..\src\exe\ConsoleApp1\ConsoleApp1.csproj", "{F8C8B95B-0E64-4AF6-A2A4-6E593D3A04D9}"
EndProject
Project("{FAE04EC0-301F-11D3-BF4B-00C04F79EFBC}") = "ClassLibrary1", "..\src\dll\ClassLibrary1\ClassLibrary1.csproj", "{F08983FD-686A-4164-B6DB-672DA3653639}"
EndProject
Project("{FAE04EC0-301F-11D3-BF4B-00C04F79EFBC}") = "WindowsFormsApp1", "..\src\exe\WindowsFormsApp1\WindowsFormsApp1.csproj", "{54CFA492-CCA0-4BBC-91A1-322325F768F2}"
EndProject
Project("{2150E333-8FDC-42A3-9474-1A3956D46DE8}") = "test", "test", "{695EA8B3-67DA-4094-A44E-94B009F6D89E}"
EndProject
Project("{FAE04EC0-301F-11D3-BF4B-00C04F79EFBC}") = "UnitTestProject1", "..\src\test\UnitTestProject1\UnitTestProject1.csproj", "{B5FEA750-E2B0-4DA2-9C1A-22D8DD606EF7}"
EndProject
Project("{FAE04EC0-301F-11D3-BF4B-00C04F79EFBC}") = "CRUDConsoleApp", "..\src\exe\CRUDConsoleApp\CRUDConsoleApp.csproj", "{D082AAF7-B575-452F-927A-C91F52CC8D75}"
EndProject
Project("{FAE04EC0-301F-11D3-BF4B-00C04F79EFBC}") = "CRUDWinformApp", "..\src\exe\CRUDWinformApp\CRUDWinformApp.csproj", "{F9871F68-94A8-407D-9F8D-F3BA73EBB569}"
EndProject
Project("{FAE04EC0-301F-11D3-BF4B-00C04F79EFBC}") = "ThreadConsoleTest", "..\src\exe\ThreadConsoleTest\ThreadConsoleTest.csproj", "{24FEE35C-70EC-4419-9AB5-E2A981C88235}"
EndProject
Project("{FAE04EC0-301F-11D3-BF4B-00C04F79EFBC}") = "ServerProcess", "..\src\exe\ServerProcess\ServerProcess.csproj", "{60B542D9-AB4E-4D13-9DEB-4D55F7CC8DBB}"
EndProject
Project("{FAE04EC0-301F-11D3-BF4B-00C04F79EFBC}") = "FileProcessing", "Form1\FileProcessing.csproj", "{8FF7F569-7C1B-46A8-B9AF-E91E56E85880}"
EndProject
Global
	GlobalSection(SolutionConfigurationPlatforms) = preSolution
		Debug|Any CPU = Debug|Any CPU
		Release|Any CPU = Release|Any CPU
	EndGlobalSection
	GlobalSection(ProjectConfigurationPlatforms) = postSolution
		{F8C8B95B-0E64-4AF6-A2A4-6E593D3A04D9}.Debug|Any CPU.ActiveCfg = Debug|Any CPU
		{F8C8B95B-0E64-4AF6-A2A4-6E593D3A04D9}.Debug|Any CPU.Build.0 = Debug|Any CPU
		{F8C8B95B-0E64-4AF6-A2A4-6E593D3A04D9}.Release|Any CPU.ActiveCfg = Release|Any CPU
		{F8C8B95B-0E64-4AF6-A2A4-6E593D3A04D9}.Release|Any CPU.Build.0 = Release|Any CPU
		{F08983FD-686A-4164-B6DB-672DA3653639}.Debug|Any CPU.ActiveCfg = Debug|Any CPU
		{F08983FD-686A-4164-B6DB-672DA3653639}.Debug|Any CPU.Build.0 = Debug|Any CPU
		{F08983FD-686A-4164-B6DB-672DA3653639}.Release|Any CPU.ActiveCfg = Release|Any CPU
		{F08983FD-686A-4164-B6DB-672DA3653639}.Release|Any CPU.Build.0 = Release|Any CPU
		{54CFA492-CCA0-4BBC-91A1-322325F768F2}.Debug|Any CPU.ActiveCfg = Debug|Any CPU
		{54CFA492-CCA0-4BBC-91A1-322325F768F2}.Debug|Any CPU.Build.0 = Debug|Any CPU
		{54CFA492-CCA0-4BBC-91A1-322325F768F2}.Release|Any CPU.ActiveCfg = Release|Any CPU
		{54CFA492-CCA0-4BBC-91A1-322325F768F2}.Release|Any CPU.Build.0 = Release|Any CPU
		{B5FEA750-E2B0-4DA2-9C1A-22D8DD606EF7}.Debug|Any CPU.ActiveCfg = Debug|Any CPU
		{B5FEA750-E2B0-4DA2-9C1A-22D8DD606EF7}.Debug|Any CPU.Build.0 = Debug|Any CPU
		{B5FEA750-E2B0-4DA2-9C1A-22D8DD606EF7}.Release|Any CPU.ActiveCfg = Release|Any CPU
		{B5FEA750-E2B0-4DA2-9C1A-22D8DD606EF7}.Release|Any CPU.Build.0 = Release|Any CPU
		{D082AAF7-B575-452F-927A-C91F52CC8D75}.Debug|Any CPU.ActiveCfg = Debug|Any CPU
		{D082AAF7-B575-452F-927A-C91F52CC8D75}.Debug|Any CPU.Build.0 = Debug|Any CPU
		{D082AAF7-B575-452F-927A-C91F52CC8D75}.Release|Any CPU.ActiveCfg = Release|Any CPU
		{D082AAF7-B575-452F-927A-C91F52CC8D75}.Release|Any CPU.Build.0 = Release|Any CPU
		{F9871F68-94A8-407D-9F8D-F3BA73EBB569}.Debug|Any CPU.ActiveCfg = Debug|Any CPU
		{F9871F68-94A8-407D-9F8D-F3BA73EBB569}.Debug|Any CPU.Build.0 = Debug|Any CPU
		{F9871F68-94A8-407D-9F8D-F3BA73EBB569}.Release|Any CPU.ActiveCfg = Release|Any CPU
		{F9871F68-94A8-407D-9F8D-F3BA73EBB569}.Release|Any CPU.Build.0 = Release|Any CPU
		{24FEE35C-70EC-4419-9AB5-E2A981C88235}.Debug|Any CPU.ActiveCfg = Debug|Any CPU
		{24FEE35C-70EC-4419-9AB5-E2A981C88235}.Debug|Any CPU.Build.0 = Debug|Any CPU
		{24FEE35C-70EC-4419-9AB5-E2A981C88235}.Release|Any CPU.ActiveCfg = Release|Any CPU
		{24FEE35C-70EC-4419-9AB5-E2A981C88235}.Release|Any CPU.Build.0 = Release|Any CPU
		{60B542D9-AB4E-4D13-9DEB-4D55F7CC8DBB}.Debug|Any CPU.ActiveCfg = Debug|Any CPU
		{60B542D9-AB4E-4D13-9DEB-4D55F7CC8DBB}.Debug|Any CPU.Build.0 = Debug|Any CPU
		{60B542D9-AB4E-4D13-9DEB-4D55F7CC8DBB}.Release|Any CPU.ActiveCfg = Release|Any CPU
		{60B542D9-AB4E-4D13-9DEB-4D55F7CC8DBB}.Release|Any CPU.Build.0 = Release|Any CPU
		{8FF7F569-7C1B-46A8-B9AF-E91E56E85880}.Debug|Any CPU.ActiveCfg = Debug|Any CPU
		{8FF7F569-7C1B-46A8-B9AF-E91E56E85880}.Debug|Any CPU.Build.0 = Debug|Any CPU
		{8FF7F569-7C1B-46A8-B9AF-E91E56E85880}.Release|Any CPU.ActiveCfg = Release|Any CPU
		{8FF7F569-7C1B-46A8-B9AF-E91E56E85880}.Release|Any CPU.Build.0 = Release|Any CPU
	EndGlobalSection
	GlobalSection(SolutionProperties) = preSolution
		HideSolutionNode = FALSE
	EndGlobalSection
	GlobalSection(NestedProjects) = preSolution
		{F8C8B95B-0E64-4AF6-A2A4-6E593D3A04D9} = {D8B3D11E-DE6D-42DE-A81B-B5F76D747673}
		{F08983FD-686A-4164-B6DB-672DA3653639} = {256BA581-C1EC-44ED-AFF6-01A115311ACD}
		{54CFA492-CCA0-4BBC-91A1-322325F768F2} = {D8B3D11E-DE6D-42DE-A81B-B5F76D747673}
		{B5FEA750-E2B0-4DA2-9C1A-22D8DD606EF7} = {695EA8B3-67DA-4094-A44E-94B009F6D89E}
		{D082AAF7-B575-452F-927A-C91F52CC8D75} = {D8B3D11E-DE6D-42DE-A81B-B5F76D747673}
		{F9871F68-94A8-407D-9F8D-F3BA73EBB569} = {D8B3D11E-DE6D-42DE-A81B-B5F76D747673}
		{24FEE35C-70EC-4419-9AB5-E2A981C88235} = {D8B3D11E-DE6D-42DE-A81B-B5F76D747673}
		{60B542D9-AB4E-4D13-9DEB-4D55F7CC8DBB} = {D8B3D11E-DE6D-42DE-A81B-B5F76D747673}
		{8FF7F569-7C1B-46A8-B9AF-E91E56E85880} = {D8B3D11E-DE6D-42DE-A81B-B5F76D747673}
	EndGlobalSection
	GlobalSection(ExtensibilityGlobals) = postSolution
		SolutionGuid = {FE1B6D88-4E73-4EA2-84FD-A90BB053BD15}
	EndGlobalSection
EndGlobal
